{
    "_meta": {
        "hash": {
            "sha256": "214ba51ec0778e2e619fa76d927d4c738b3f7a1ed6baf813a27c6433934cd726"
        },
        "pipfile-spec": 6,
        "requires": {
            "python_version": "3.6"
        },
        "sources": [
            {
                "name": "pypi",
                "url": "https://pypi.python.org/simple",
                "verify_ssl": true
            }
        ]
    },
    "default": {
        "astroid": {
            "hashes": [
                "sha256:87de48a92e29cedf7210ffa853d11441e7ad94cb47bacd91b023499b51cbc756",
                "sha256:d25869fc7f44f1d9fb7d24fd7ea0639656f5355fc3089cd1f3d18c6ec6b124c7"
            ],
            "version": "==1.6.6"
        },
        "autopep8": {
            "hashes": [
                "sha256:2284d4ae2052fedb9f466c09728e30d2e231cfded5ffd7b1a20c34123fdc4ba4"
            ],
            "index": "pypi",
            "version": "==1.3.5"
        },
        "boto3": {
            "hashes": [
                "sha256:4c746d55fb6294c11e78db76648c7f321f8068dc5ab402456b5e3e4ee52423b9",
                "sha256:5c02372447e07bd67f7c19624642dcf5c7aabe126e1c44ff4ad241aeb97fc729"
            ],
            "index": "pypi",
            "version": "==1.7.2"
        },
        "botocore": {
            "hashes": [
                "sha256:380852e1adb9ba4ba9ff096af61f88a6888197b86e580e1bd786f04ebe6f9c0c",
                "sha256:d3e4b5a2c903ea30d19d41ea2f65d0e51dce54f4f4c4dfd6ecd7b04f240844a8"
            ],
            "version": "==1.10.84"
        },
        "certifi": {
            "hashes": [
                "sha256:1d987a998c75633c40847cc966fcf5904906c920a7f17ef374f5aa4282abd304",
                "sha256:51fcb31174be6e6664c5f69e3e1691a2d72a1a12e90f872cbdb1567eb47b6519"
            ],
            "version": "==2020.4.5.1"
        },
        "chardet": {
            "hashes": [
                "sha256:84ab92ed1c4d4f16916e05906b6b75a6c0fb5db821cc65e70cbd64a3e2a5eaae",
                "sha256:fc323ffcaeaed0e0a02bf4d117757b98aed530d9ed4531e3e15460124c106691"
            ],
            "version": "==3.0.4"
        },
        "dj-database-url": {
            "hashes": [
                "sha256:4aeaeb1f573c74835b0686a2b46b85990571159ffc21aa57ecd4d1e1cb334163",
                "sha256:851785365761ebe4994a921b433062309eb882fedd318e1b0fcecc607ed02da9"
            ],
            "index": "pypi",
            "version": "==0.5.0"
        },
        "django": {
            "hashes": [
                "sha256:84f370f6acedbe1f3c41e1a02de44ac206efda3355e427139ecb785b5f596d80",
                "sha256:e8fe3c2b2212dce6126becab7a693157f1a441a07b62ec994c046c76af5bb66d"
            ],
            "index": "pypi",
            "version": "==2.2.13"
        },
        "django-location-field": {
            "hashes": [
                "sha256:815f212ec5ce4fcf026268fa27b0c56bb9cb258ddde9c22dd3ea817ccdf65d0a",
                "sha256:981c3743b03856f22ede1039ab567df6af08852acce9359b62ecc3eca9253d39"
            ],
            "index": "pypi",
            "version": "==2.0.3"
        },
        "django-storages": {
            "hashes": [
                "sha256:7339070cf0c8042f5a885783a0a909175a8dbb68e7f5697d597571c830a460c4",
                "sha256:f1dd5668a4df9a23aff56c8321ea3aac3fda23d9d17473158d308d1b13e5363e"
            ],
            "index": "pypi",
            "version": "==1.6.6"
        },
        "docutils": {
            "hashes": [
                "sha256:0c5b78adfbf7762415433f5515cd5c9e762339e23369dbe8000d84a4bf4ab3af",
                "sha256:c2de3a60e9e7d07be26b7f2b00ca0309c207e06c100f9cc2a94931fc75a478fc"
            ],
            "version": "==0.16"
        },
        "flake8": {
            "hashes": [
                "sha256:7253265f7abd8b313e3892944044a365e3f4ac3fcdcfb4298f55ee9ddf188ba0",
                "sha256:c7841163e2b576d435799169b78703ad6ac1bbb0f199994fc05f700b2a90ea37"
            ],
            "index": "pypi",
            "version": "==3.5.0"
        },
        "idna": {
            "hashes": [
                "sha256:2c6a5de3089009e3da7c5dde64a141dbc8551d5b7f6cf4ed7c2568d0cc520a8f",
                "sha256:8c7309c718f94b3a625cb648ace320157ad16ff131ae0af362c9f21b80ef6ec4"
            ],
            "version": "==2.6"
        },
        "instagram-scraper": {
            "hashes": [
                "sha256:1b5b2446fdd8028b62a661fb1121c531341074e6267b8000f60ebbbe4d632d18"
            ],
            "index": "pypi",
            "version": "==1.5.28"
        },
        "isort": {
            "hashes": [
                "sha256:54da7e92468955c4fceacd0c86bd0ec997b0e1ee80d97f67c35a78b719dccab1",
                "sha256:6e811fcb295968434526407adb8796944f1988c5b65e8139058f2014cbe100fd"
            ],
            "version": "==4.3.21"
        },
        "jmespath": {
            "hashes": [
                "sha256:b85d0567b8666149a93172712e68920734333c0ce7e89b78b3e987f71e5ed4f9",
                "sha256:cdf6525904cc597730141d61b36f2e4b8ecc257c420fa2f4549bac2c2d0cb72f"
            ],
            "version": "==0.10.0"
        },
        "lazy-object-proxy": {
            "hashes": [
                "sha256:0aef3fa29f7d1194d6f8a99382b1b844e5a14d3bc1ef82c3b1c4fb7e7e2019bc",
                "sha256:159ae2bbb4dc3ba506aeba868d14e56a754c0be402d1f0d7fdb264e0bdf2b095",
                "sha256:161a68a427022bf13e249458be2cb8da56b055988c584d372a917c665825ae9a",
                "sha256:2d58f0e6395bf41087a383a48b06b42165f3b699f1aa41ba201db84ab77be63d",
                "sha256:311c9d1840042fc8e2dd80fc80272a7ea73e7646745556153c9cda85a4628b18",
                "sha256:35c3ad7b7f7d5d4a54a80f0ff5a41ab186237d6486843f8dde00c42cfab33905",
                "sha256:459ef557e669d0046fe2b92eb4822c097c00b5ef9d11df0f9bd7d4267acdfc52",
                "sha256:4a50513b6be001b9b7be2c435478fe9669249c77c241813907a44cda1fcd03f4",
                "sha256:51035b175740c44707694c521560b55b66da9d5a7c545cf22582bc02deb61664",
                "sha256:96f2cdb35bdfda10e075f12892a42cff5179bbda698992b845f36c5e92755d33",
                "sha256:a0aed261060cd0372abf08d16399b1224dbb5b400312e6b00f2b23eabe1d4e96",
                "sha256:a6052c4c7d95de2345d9c58fc0fe34fff6c27a8ed8550dafeb18ada84406cc99",
                "sha256:cbf1354292a4f7abb6a0188f74f5e902e4510ebad105be1dbc4809d1ed92f77e",
                "sha256:da82b2372f5ded8806eaac95b19af89a7174efdb418d4e7beb0c6ab09cee7d95",
                "sha256:dd89f466c930d7cfe84c94b5cbe862867c88b269f23e5aa61d40945e0d746f54",
                "sha256:e3183fbeb452ec11670c2d9bfd08a57bc87e46856b24d1c335f995239bedd0e1",
                "sha256:e9a571e7168076a0d5ecaabd91e9032e86d815cca3a4bf0dafead539ef071aa5",
                "sha256:ec6aba217d0c4f71cbe48aea962a382dedcd111f47b55e8b58d4aaca519bd360"
            ],
            "version": "==1.5.0"
        },
        "mccabe": {
            "hashes": [
                "sha256:ab8a6258860da4b6677da4bd2fe5dc2c659cff31b3ee4f7f5d64e79735b80d42",
                "sha256:dd8d182285a0fe56bace7f45b5e7d1a6ebcbf524e8f3bd87eb0f125271b8831f"
            ],
            "version": "==0.6.1"
        },
        "pep8": {
            "hashes": [
                "sha256:b22cfae5db09833bb9bd7c8463b53e1a9c9b39f12e304a8d0bba729c501827ee",
                "sha256:fe249b52e20498e59e0b5c5256aa52ee99fc295b26ec9eaa85776ffdb9fe6374"
            ],
            "index": "pypi",
            "version": "==1.7.1"
        },
        "pillow": {
            "hashes": [
                "sha256:00633bc2ec40313f4daf351855e506d296ec3c553f21b66720d0f1225ca84c6f",
                "sha256:040144ba422216aecf7577484865ade90e1a475f867301c48bf9fbd7579efd76",
                "sha256:16246261ff22368e5e32ad74d5ef40403ab6895171a7fc6d34f6c17cfc0f1943",
                "sha256:1cb38df69362af35c14d4a50123b63c7ff18ec9a6d4d5da629a6f19d05e16ba8",
                "sha256:3b4560c3891b05022c464b09121bd507c477505a4e19d703e1027a3a7c68d896",
                "sha256:438a3faf5f702c8d0f80b9f9f9b8382cfa048ca6a0d64ef71b86b563b0ee0359",
                "sha256:4d32c8e3623a61d6e29ccd024066cd1ba556555abfb4cd714155020e00107e3f",
                "sha256:4d8077fd649ac40a5c4165f2c22fa2a4ad18c668e271ecb2f9d849d1017a9313",
                "sha256:62ec7ae98357fcd46002c110bb7cad15fce532776f0cbe7ca1d44c49b837d49d",
                "sha256:6eca36905444c4b91fe61f1b9933a47a30480738a1dd26501ff67d94fc2bc112",
                "sha256:7673e7473a13107059377c96c563aa36f73184c29d2926882e0a0210b779a1e7",
                "sha256:81762cf5fca9a82b53b7b2d0e6b420e0f3b06167b97678c81d00470daa622d58",
                "sha256:9b66e968da9c4393f5795285528bc862c7b97b91251f31a08004a3c626d18114",
                "sha256:b48401752496757e95304a46213c3155bc911ac884bed2e9b275ce1c1df3e293",
                "sha256:b6cf18f9e653a8077522bb3aa753a776b117e3e0cc872c25811cfdf1459491c2",
                "sha256:bb8adab1877e9213385cbb1adc297ed8337e01872c42a30cfaa66ff8c422779c",
                "sha256:cee9bc75bff455d317b6947081df0824a8f118de2786dc3d74a3503fd631f4ef",
                "sha256:d0dc1313dff48af64517cbbd85e046d6b477fbe5e9d69712801f024dcb08c62b",
                "sha256:e52e8f675ba0b2b417fa98579e7286a41a8e23871f17f4793772f5aa884fea79",
                "sha256:e87cc1acbebf263f308a8494272c2d42016aa33c32bf14d209c81e1f65e11868",
                "sha256:ea0091cd4100519cedfeea2c659f52291f535ac6725e2368bcf59e874f270efa",
                "sha256:eeb247f4f4d962942b3b555530b0c63b77473c7bfe475e51c6b75b7344b49ce3",
                "sha256:f0d4433adce6075efd24fc0285135248b0b50f5a58129c7e552030e04fe45c7f",
                "sha256:f1f3bd92f8e12dc22884935a73c9f94c4d9bd0d34410c456540713d6b7832b8c",
                "sha256:f5f302db65e2e0ae96e26670818157640d3ca83a3054c290eff3631598dcf819",
                "sha256:f7634d534662bbb08976db801ba27a112aee23e597eeaf09267b4575341e45bf",
                "sha256:fe6931db24716a0845bd8c8915bd096b77c2a7043e6fc59ae9ca364fe816f08b"
            ],
            "index": "pypi",
            "version": "==5.1.0"
        },
        "psycopg2-binary": {
            "hashes": [
                "sha256:02eb674e3d5810e19b4d5d00720b17130e182da1ba259dda608aaf33d787347d",
                "sha256:3a14baeabcebd4662f12f4bff03e0574a2369a2e41baf829e6fb4a24c95cf88b",
                "sha256:436a503eda41f6adb08f292f40a3784fce0a5f351b6ae7b19a911904db53af93",
                "sha256:465ff1d427ed42c31e456dbbd9edab3552be18a0edaef7450c5b3e6fee745052",
                "sha256:4a1a5ea2fa4b53191637b162873a82822d92a85a08beefe28296b8eb5cf2fea5",
                "sha256:4a4f23a08fbccbe40ecdb5384d807bcb469ea71dd87e6be2e80b036b8e6d47df",
                "sha256:77a2fc622a1f2d08a707673c9be5769d521f03d867d305f172bb417fa7882754",
                "sha256:8014c06a9ed7b78ba81beff3ae71acd78c212390f8ed839e9ce22735880bd5b4",
                "sha256:83af04029bcb4b56c852e5876fef71340dcb465fa44fc99f80bac72e10fb0b74",
                "sha256:86c0d2587f56776f25d52cca8e275adf495c8e01933fbfc2ca23b124610ab761",
                "sha256:9305d7cbc802aaefac5c75a3df725f2654797369f32b18d4d0adb382dfab6c09",
                "sha256:9b5ddbed85ec73293695d7116589d956ef0dd3fcf7bf3b2a3bc1e8e54c1d543a",
                "sha256:a3d2cc0cb0b988dbfd0d11f7fac34058b25a6ce533ed5b8e88d6cb315e77d54a",
                "sha256:ab1db8f3e96570d9f7ebc45133ce2574804b2280499baade178e163d022107b5",
                "sha256:b039f51bca1ddd70234cc3f84f94f42ad43861b931bdfb497f887c60c39a6565",
                "sha256:b287ddf4cafcfb632974907d1e7862119e36bb758228bdb07dd247553e4cdfc0",
                "sha256:b6b2b26590304d97ef2af28d153ee99ace6fe0806934f4618edfc87216c77f91",
                "sha256:c4c6004d410c77bfa5389ae9485498ce32805447a67afbfe8db0d247a5c88fa1",
                "sha256:c606bff0978ee4858d86d40f6b6ab0c4cac4474f627bd054683dc03a4fc1a366",
                "sha256:c8220c521a408b41c4f14036004a621ed0d965941286b978cd2ea2623fabd755",
                "sha256:cb07184a4bfad304831f0a88b1c13fbd8cf9fcdf1f11e71c477dd6d7b1b078a0",
                "sha256:cf3911fba0c47fc1313b5783183cda301032b14637a0b7a336766ae46998c7ee",
                "sha256:d0972f062c73956332e9681dfdb133168618f0abfecc96e89f0205ac89cd454b",
                "sha256:d1dd3eb8edd354083f5d27b968c5a17854c41347ba5a480b520be85ec1a8495c",
                "sha256:d51c7ed810fce1e50464088c37cc8da05534de8afb12a732500827ebcc480081",
                "sha256:d8940b5104588d6313315e037f0f5ed68d2e5f62ccc1c429d3cff11d2ba6de3f",
                "sha256:de4f88f823037a71ea5ef3c1041d96b8a68d73343133edda684fd42f575bd9d7"
            ],
            "index": "pypi",
            "version": "==2.7.4"
        },
        "pycodestyle": {
            "hashes": [
                "sha256:682256a5b318149ca0d2a9185d365d8864a768a28db66a84a2ea946bcc426766",
                "sha256:6c4245ade1edfad79c3446fadfc96b0de2759662dc29d07d80a6f27ad1ca6ba9"
            ],
            "version": "==2.3.1"
        },
        "pyflakes": {
            "hashes": [
                "sha256:08bd6a50edf8cffa9fa09a463063c425ecaaf10d1eb0335a7e8b1401aef89e6f",
                "sha256:8d616a382f243dbf19b54743f280b80198be0bca3a5396f1d2e1fca6223e8805"
            ],
            "version": "==1.6.0"
        },
        "pylint": {
            "hashes": [
                "sha256:0b7e6b5d9f1d4e0b554b5d948f14ed7969e8cdf9a0120853e6e5af60813b18ab",
                "sha256:34738a82ab33cbd3bb6cd4cef823dbcabdd2b6b48a4e3a3054a2bbbf0c712be9"
            ],
            "index": "pypi",
            "version": "==1.8.4"
        },
        "pylint-django": {
            "hashes": [
                "sha256:681f5105c98c9a96ed10895ad346d132659a56c313181a9e2642f6fb5029f5f2",
                "sha256:d014c0a64996914f748cd7d803cce5e41496ca5898f3a69c54d4b600aa72f7de"
            ],
            "index": "pypi",
            "version": "==0.9.4"
        },
        "pylint-plugin-utils": {
            "hashes": [
                "sha256:2f30510e1c46edf268d3a195b2849bd98a1b9433229bb2ba63b8d776e1fc4d0a",
                "sha256:57625dcca20140f43731311cd8fd879318bf45a8b0fd17020717a8781714a25a"
            ],
            "version": "==0.6"
        },
        "python-dateutil": {
            "hashes": [
                "sha256:73ebfe9dbf22e832286dafa60473e4cd239f8592f699aa5adaf10050e6e1823c",
                "sha256:75bb3f31ea686f1197762692a9ee6a7550b59fc6ca3a1f4b5d7e32fb98e2da2a"
            ],
            "markers": "python_version >= '2.7'",
            "version": "==2.8.1"
        },
        "python-dotenv": {
            "hashes": [
                "sha256:4965ed170bf51c347a89820e8050655e9c25db3837db6602e906b6d850fad85c",
                "sha256:509736185257111613009974e666568a1b031b028b61b500ef1ab4ee780089d5"
            ],
            "index": "pypi",
            "version": "==0.8.2"
        },
        "pytz": {
            "hashes": [
                "sha256:a494d53b6d39c3c6e44c3bec237336e14305e4f29bbf800b599253057fbb79ed",
                "sha256:c35965d010ce31b23eeb663ed3cc8c906275d6be1a34393a1d73a41febf4a048"
            ],
            "version": "==2020.1"
        },
        "requests": {
            "hashes": [
                "sha256:6a1b267aa90cac58ac3a765d067950e7dbbf75b1da07e895d1f594193a40a38b",
                "sha256:9c443e7324ba5b85070c4a818ade28bfabedf16ea10206da1132edaa6dda237e"
            ],
            "index": "pypi",
            "version": "==2.18.4"
        },
        "s3transfer": {
            "hashes": [
                "sha256:90dc18e028989c609146e241ea153250be451e05ecc0c2832565231dacdf59c1",
                "sha256:c7a9ec356982d5e9ab2d4b46391a7d6a950e2b04c472419f5fdec70cc0ada72f"
            ],
            "version": "==0.1.13"
        },
        "six": {
            "hashes": [
                "sha256:30639c035cdb23534cd4aa2dd52c3bf48f06e5f4a941509c8bafd8ce11080259",
                "sha256:8b74bedcbbbaca38ff6d7491d76f2b06b3592611af620f8426e82dddb04a5ced"
            ],
            "version": "==1.15.0"
        },
        "sqlparse": {
            "hashes": [
                "sha256:022fb9c87b524d1f7862b3037e541f68597a730a8843245c349fc93e1643dc4e",
                "sha256:e162203737712307dfe78860cc56c8da8a852ab2ee33750e33aeadf38d12c548"
            ],
            "version": "==0.3.1"
        },
        "tqdm": {
            "hashes": [
                "sha256:07c06493f1403c1380b630ae3dcbe5ae62abcf369a93bbc052502279f189ab8c",
                "sha256:cd140979c2bebd2311dfb14781d8f19bd5a9debb92dcab9f6ef899c987fcf71f"
            ],
            "version": "==4.46.1"
        },
        "urllib3": {
            "hashes": [
                "sha256:06330f386d6e4b195fbfc736b297f58c5a892e4440e54d294d7004e3a9bbea1b",
                "sha256:cc44da8e1145637334317feebd728bd869a35285b93cbb4cca2577da7e62db4f"
            ],
            "version": "==1.22"
        },
        "whitenoise": {
            "hashes": [
                "sha256:15f43b2e701821b95c9016cf469d29e2a546cb1c7dead584ba82c36f843995cf",
                "sha256:9d81515f2b5b27051910996e1e860b1332e354d9e7bcf30c98f21dcb6713e0dd"
            ],
            "index": "pypi",
            "version": "==3.3.1"
        },
        "wrapt": {
            "hashes": [
                "sha256:b62ffa81fb85f4332a4f609cab4ac40709470da05643a082ec1eb88e6d9b97d7"
            ],
            "version": "==1.12.1"
        }
    },
    "develop": {
        "astroid": {
            "hashes": [
                "sha256:87de48a92e29cedf7210ffa853d11441e7ad94cb47bacd91b023499b51cbc756",
                "sha256:d25869fc7f44f1d9fb7d24fd7ea0639656f5355fc3089cd1f3d18c6ec6b124c7"
            ],
            "version": "==1.6.6"
        },
        "flake8": {
            "hashes": [
                "sha256:7253265f7abd8b313e3892944044a365e3f4ac3fcdcfb4298f55ee9ddf188ba0",
                "sha256:c7841163e2b576d435799169b78703ad6ac1bbb0f199994fc05f700b2a90ea37"
            ],
            "index": "pypi",
            "version": "==3.5.0"
        },
        "importlib-metadata": {
            "hashes": [
                "sha256:2a688cbaa90e0cc587f1df48bdc97a6eadccdcd9c35fb3f976a09e3b5016d90f",
                "sha256:34513a8a0c4962bc66d35b359558fd8a5e10cd472d37aec5f66858addef32c1e"
            ],
            "markers": "python_version < '3.8'",
            "version": "==1.6.0"
        },
        "isort": {
            "hashes": [
                "sha256:54da7e92468955c4fceacd0c86bd0ec997b0e1ee80d97f67c35a78b719dccab1",
                "sha256:6e811fcb295968434526407adb8796944f1988c5b65e8139058f2014cbe100fd"
            ],
            "version": "==4.3.21"
        },
        "lazy-object-proxy": {
            "hashes": [
                "sha256:0aef3fa29f7d1194d6f8a99382b1b844e5a14d3bc1ef82c3b1c4fb7e7e2019bc",
                "sha256:159ae2bbb4dc3ba506aeba868d14e56a754c0be402d1f0d7fdb264e0bdf2b095",
                "sha256:161a68a427022bf13e249458be2cb8da56b055988c584d372a917c665825ae9a",
                "sha256:2d58f0e6395bf41087a383a48b06b42165f3b699f1aa41ba201db84ab77be63d",
                "sha256:311c9d1840042fc8e2dd80fc80272a7ea73e7646745556153c9cda85a4628b18",
                "sha256:35c3ad7b7f7d5d4a54a80f0ff5a41ab186237d6486843f8dde00c42cfab33905",
                "sha256:459ef557e669d0046fe2b92eb4822c097c00b5ef9d11df0f9bd7d4267acdfc52",
                "sha256:4a50513b6be001b9b7be2c435478fe9669249c77c241813907a44cda1fcd03f4",
                "sha256:51035b175740c44707694c521560b55b66da9d5a7c545cf22582bc02deb61664",
                "sha256:96f2cdb35bdfda10e075f12892a42cff5179bbda698992b845f36c5e92755d33",
                "sha256:a0aed261060cd0372abf08d16399b1224dbb5b400312e6b00f2b23eabe1d4e96",
                "sha256:a6052c4c7d95de2345d9c58fc0fe34fff6c27a8ed8550dafeb18ada84406cc99",
                "sha256:cbf1354292a4f7abb6a0188f74f5e902e4510ebad105be1dbc4809d1ed92f77e",
                "sha256:da82b2372f5ded8806eaac95b19af89a7174efdb418d4e7beb0c6ab09cee7d95",
                "sha256:dd89f466c930d7cfe84c94b5cbe862867c88b269f23e5aa61d40945e0d746f54",
                "sha256:e3183fbeb452ec11670c2d9bfd08a57bc87e46856b24d1c335f995239bedd0e1",
                "sha256:e9a571e7168076a0d5ecaabd91e9032e86d815cca3a4bf0dafead539ef071aa5",
                "sha256:ec6aba217d0c4f71cbe48aea962a382dedcd111f47b55e8b58d4aaca519bd360"
            ],
            "version": "==1.5.0"
        },
        "mccabe": {
            "hashes": [
                "sha256:ab8a6258860da4b6677da4bd2fe5dc2c659cff31b3ee4f7f5d64e79735b80d42",
                "sha256:dd8d182285a0fe56bace7f45b5e7d1a6ebcbf524e8f3bd87eb0f125271b8831f"
            ],
            "version": "==0.6.1"
        },
        "pep8": {
            "hashes": [
                "sha256:b22cfae5db09833bb9bd7c8463b53e1a9c9b39f12e304a8d0bba729c501827ee",
                "sha256:fe249b52e20498e59e0b5c5256aa52ee99fc295b26ec9eaa85776ffdb9fe6374"
            ],
            "index": "pypi",
            "version": "==1.7.1"
        },
        "pycodestyle": {
            "hashes": [
                "sha256:682256a5b318149ca0d2a9185d365d8864a768a28db66a84a2ea946bcc426766",
                "sha256:6c4245ade1edfad79c3446fadfc96b0de2759662dc29d07d80a6f27ad1ca6ba9"
            ],
            "version": "==2.3.1"
        },
        "pyflakes": {
            "hashes": [
                "sha256:08bd6a50edf8cffa9fa09a463063c425ecaaf10d1eb0335a7e8b1401aef89e6f",
                "sha256:8d616a382f243dbf19b54743f280b80198be0bca3a5396f1d2e1fca6223e8805"
            ],
            "version": "==1.6.0"
        },
        "pylint": {
            "hashes": [
                "sha256:0b7e6b5d9f1d4e0b554b5d948f14ed7969e8cdf9a0120853e6e5af60813b18ab",
                "sha256:34738a82ab33cbd3bb6cd4cef823dbcabdd2b6b48a4e3a3054a2bbbf0c712be9"
            ],
            "index": "pypi",
            "version": "==1.8.4"
        },
        "six": {
            "hashes": [
                "sha256:30639c035cdb23534cd4aa2dd52c3bf48f06e5f4a941509c8bafd8ce11080259",
                "sha256:8b74bedcbbbaca38ff6d7491d76f2b06b3592611af620f8426e82dddb04a5ced"
            ],
            "version": "==1.15.0"
        },
        "toml": {
            "hashes": [
                "sha256:926b612be1e5ce0634a2ca03470f95169cf16f939018233a670519cb4ac58b0f",
                "sha256:bda89d5935c2eac546d648028b9901107a595863cb36bae0c73ac804a9b4ce88"
            ],
            "version": "==0.10.1"
        },
        "typed-ast": {
            "hashes": [
                "sha256:0666aa36131496aed8f7be0410ff974562ab7eeac11ef351def9ea6fa28f6355",
                "sha256:0c2c07682d61a629b68433afb159376e24e5b2fd4641d35424e462169c0a7919",
                "sha256:249862707802d40f7f29f6e1aad8d84b5aa9e44552d2cc17384b209f091276aa",
                "sha256:24995c843eb0ad11a4527b026b4dde3da70e1f2d8806c99b7b4a7cf491612652",
                "sha256:269151951236b0f9a6f04015a9004084a5ab0d5f19b57de779f908621e7d8b75",
                "sha256:4083861b0aa07990b619bd7ddc365eb7fa4b817e99cf5f8d9cf21a42780f6e01",
                "sha256:498b0f36cc7054c1fead3d7fc59d2150f4d5c6c56ba7fb150c013fbc683a8d2d",
                "sha256:4e3e5da80ccbebfff202a67bf900d081906c358ccc3d5e3c8aea42fdfdfd51c1",
                "sha256:6daac9731f172c2a22ade6ed0c00197ee7cc1221aa84cfdf9c31defeb059a907",
                "sha256:715ff2f2df46121071622063fc7543d9b1fd19ebfc4f5c8895af64a77a8c852c",
                "sha256:73d785a950fc82dd2a25897d525d003f6378d1cb23ab305578394694202a58c3",
                "sha256:8c8aaad94455178e3187ab22c8b01a3837f8ee50e09cf31f1ba129eb293ec30b",
                "sha256:8ce678dbaf790dbdb3eba24056d5364fb45944f33553dd5869b7580cdbb83614",
                "sha256:aaee9905aee35ba5905cfb3c62f3e83b3bec7b39413f0a7f19be4e547ea01ebb",
                "sha256:bcd3b13b56ea479b3650b82cabd6b5343a625b0ced5429e4ccad28a8973f301b",
                "sha256:c9e348e02e4d2b4a8b2eedb48210430658df6951fa484e59de33ff773fbd4b41",
                "sha256:d205b1b46085271b4e15f670058ce182bd1199e56b317bf2ec004b6a44f911f6",
                "sha256:d43943ef777f9a1c42bf4e552ba23ac77a6351de620aa9acf64ad54933ad4d34",
                "sha256:d5d33e9e7af3b34a40dc05f498939f0ebf187f07c385fd58d591c533ad8562fe",
                "sha256:fc0fea399acb12edbf8a628ba8d2312f583bdbdb3335635db062fa98cf71fca4",
                "sha256:fe460b922ec15dd205595c9b5b99e2f056fd98ae8f9f56b888e7a17dc2b757e7"
            ],
            "markers": "implementation_name == 'cpython' and python_version < '3.8'",
            "version": "==1.4.1"
        },
        "wrapt": {
            "hashes": [
                "sha256:b62ffa81fb85f4332a4f609cab4ac40709470da05643a082ec1eb88e6d9b97d7"
            ],
            "version": "==1.12.1"
        },
        "zipp": {
            "hashes": [
                "sha256:aa36550ff0c0b7ef7fa639055d797116ee891440eac1a56f378e2d3179e0320b",
                "sha256:c599e4d75c98f6798c509911d08a22e6c021d074469042177c8c86fb92eefd96"
            ],
            "version": "==3.1.0"
        }
    }
}
